
Microsoft Visual Studio Solution File, Format Version 12.00
# Visual Studio Version 16
VisualStudioVersion = 16.0.29001.49
MinimumVisualStudioVersion = 10.0.40219.1
Project("{FAE04EC0-301F-11D3-BF4B-00C04F79EFBC}") = "DefuseBomb.Android", "DefuseBomb\DefuseBomb.Android\DefuseBomb.Android.csproj", "{B0642092-0E13-46CE-A875-C10F8E8ADD8E}"
EndProject
Project("{FAE04EC0-301F-11D3-BF4B-00C04F79EFBC}") = "DefuseBomb.iOS", "DefuseBomb\DefuseBomb.iOS\DefuseBomb.iOS.csproj", "{B4749A9A-41A6-4205-BBFD-820D7EEE3B5B}"
EndProject
Project("{FAE04EC0-301F-11D3-BF4B-00C04F79EFBC}") = "DefuseBomb", "DefuseBomb\DefuseBomb\DefuseBomb.csproj", "{16215B76-52D9-456A-B6BE-031C55C82F41}"
EndProject
Global
	GlobalSection(SolutionConfigurationPlatforms) = preSolution
		Debug|Any CPU = Debug|Any CPU
		Debug|iPhone = Debug|iPhone
		Debug|iPhoneSimulator = Debug|iPhoneSimulator
		Release|Any CPU = Release|Any CPU
		Release|iPhone = Release|iPhone
		Release|iPhoneSimulator = Release|iPhoneSimulator
	EndGlobalSection
	GlobalSection(ProjectConfigurationPlatforms) = postSolution
		{B0642092-0E13-46CE-A875-C10F8E8ADD8E}.Debug|Any CPU.ActiveCfg = Debug|Any CPU
		{B0642092-0E13-46CE-A875-C10F8E8ADD8E}.Debug|Any CPU.Build.0 = Debug|Any CPU
		{B0642092-0E13-46CE-A875-C10F8E8ADD8E}.Debug|Any CPU.Deploy.0 = Debug|Any CPU
		{B0642092-0E13-46CE-A875-C10F8E8ADD8E}.Debug|iPhone.ActiveCfg = Debug|Any CPU
		{B0642092-0E13-46CE-A875-C10F8E8ADD8E}.Debug|iPhone.Build.0 = Debug|Any CPU
		{B0642092-0E13-46CE-A875-C10F8E8ADD8E}.Debug|iPhone.Deploy.0 = Debug|Any CPU
		{B0642092-0E13-46CE-A875-C10F8E8ADD8E}.Debug|iPhoneSimulator.ActiveCfg = Debug|Any CPU
		{B0642092-0E13-46CE-A875-C10F8E8ADD8E}.Debug|iPhoneSimulator.Build.0 = Debug|Any CPU
		{B0642092-0E13-46CE-A875-C10F8E8ADD8E}.Debug|iPhoneSimulator.Deploy.0 = Debug|Any CPU
		{B0642092-0E13-46CE-A875-C10F8E8ADD8E}.Release|Any CPU.ActiveCfg = Release|Any CPU
		{B0642092-0E13-46CE-A875-C10F8E8ADD8E}.Release|Any CPU.Build.0 = Release|Any CPU
		{B0642092-0E13-46CE-A875-C10F8E8ADD8E}.Release|Any CPU.Deploy.0 = Release|Any CPU
		{B0642092-0E13-46CE-A875-C10F8E8ADD8E}.Release|iPhone.ActiveCfg = Release|Any CPU
		{B0642092-0E13-46CE-A875-C10F8E8ADD8E}.Release|iPhone.Build.0 = Release|Any CPU
		{B0642092-0E13-46CE-A875-C10F8E8ADD8E}.Release|iPhone.Deploy.0 = Release|Any CPU
		{B0642092-0E13-46CE-A875-C10F8E8ADD8E}.Release|iPhoneSimulator.ActiveCfg = Release|Any CPU
		{B0642092-0E13-46CE-A875-C10F8E8ADD8E}.Release|iPhoneSimulator.Build.0 = Release|Any CPU
		{B0642092-0E13-46CE-A875-C10F8E8ADD8E}.Release|iPhoneSimulator.Deploy.0 = Release|Any CPU
		{B4749A9A-41A6-4205-BBFD-820D7EEE3B5B}.Debug|Any CPU.ActiveCfg = Debug|iPhoneSimulator
		{B4749A9A-41A6-4205-BBFD-820D7EEE3B5B}.Debug|Any CPU.Build.0 = Debug|iPhoneSimulator
		{B4749A9A-41A6-4205-BBFD-820D7EEE3B5B}.Debug|Any CPU.Deploy.0 = Debug|iPhoneSimulator
		{B4749A9A-41A6-4205-BBFD-820D7EEE3B5B}.Debug|iPhone.ActiveCfg = Debug|iPhone
		{B4749A9A-41A6-4205-BBFD-820D7EEE3B5B}.Debug|iPhone.Build.0 = Debug|iPhone
		{B4749A9A-41A6-4205-BBFD-820D7EEE3B5B}.Debug|iPhone.Deploy.0 = Debug|iPhone
		{B4749A9A-41A6-4205-BBFD-820D7EEE3B5B}.Debug|iPhoneSimulator.ActiveCfg = Debug|iPhoneSimulator
		{B4749A9A-41A6-4205-BBFD-820D7EEE3B5B}.Debug|iPhoneSimulator.Build.0 = Debug|iPhoneSimulator
		{B4749A9A-41A6-4205-BBFD-820D7EEE3B5B}.Debug|iPhoneSimulator.Deploy.0 = Debug|iPhoneSimulator
		{B4749A9A-41A6-4205-BBFD-820D7EEE3B5B}.Release|Any CPU.ActiveCfg = Release|iPhone
		{B4749A9A-41A6-4205-BBFD-820D7EEE3B5B}.Release|Any CPU.Build.0 = Release|iPhone
		{B4749A9A-41A6-4205-BBFD-820D7EEE3B5B}.Release|Any CPU.Deploy.0 = Release|iPhone
		{B4749A9A-41A6-4205-BBFD-820D7EEE3B5B}.Release|iPhone.ActiveCfg = Release|iPhone
		{B4749A9A-41A6-4205-BBFD-820D7EEE3B5B}.Release|iPhone.Build.0 = Release|iPhone
		{B4749A9A-41A6-4205-BBFD-820D7EEE3B5B}.Release|iPhone.Deploy.0 = Release|iPhone
		{B4749A9A-41A6-4205-BBFD-820D7EEE3B5B}.Release|iPhoneSimulator.ActiveCfg = Release|iPhoneSimulator
		{B4749A9A-41A6-4205-BBFD-820D7EEE3B5B}.Release|iPhoneSimulator.Build.0 = Release|iPhoneSimulator
		{B4749A9A-41A6-4205-BBFD-820D7EEE3B5B}.Release|iPhoneSimulator.Deploy.0 = Release|iPhoneSimulator
		{16215B76-52D9-456A-B6BE-031C55C82F41}.Debug|Any CPU.ActiveCfg = Debug|Any CPU
		{16215B76-52D9-456A-B6BE-031C55C82F41}.Debug|Any CPU.Build.0 = Debug|Any CPU
		{16215B76-52D9-456A-B6BE-031C55C82F41}.Debug|Any CPU.Deploy.0 = Debug|Any CPU
		{16215B76-52D9-456A-B6BE-031C55C82F41}.Debug|iPhone.ActiveCfg = Debug|Any CPU
		{16215B76-52D9-456A-B6BE-031C55C82F41}.Debug|iPhone.Build.0 = Debug|Any CPU
		{16215B76-52D9-456A-B6BE-031C55C82F41}.Debug|iPhone.Deploy.0 = Debug|Any CPU
		{16215B76-52D9-456A-B6BE-031C55C82F41}.Debug|iPhoneSimulator.ActiveCfg = Debug|Any CPU
		{16215B76-52D9-456A-B6BE-031C55C82F41}.Debug|iPhoneSimulator.Build.0 = Debug|Any CPU
		{16215B76-52D9-456A-B6BE-031C55C82F41}.Debug|iPhoneSimulator.Deploy.0 = Debug|Any CPU
		{16215B76-52D9-456A-B6BE-031C55C82F41}.Release|Any CPU.ActiveCfg = Release|Any CPU
		{16215B76-52D9-456A-B6BE-031C55C82F41}.Release|Any CPU.Build.0 = Release|Any CPU
		{16215B76-52D9-456A-B6BE-031C55C82F41}.Release|Any CPU.Deploy.0 = Release|Any CPU
		{16215B76-52D9-456A-B6BE-031C55C82F41}.Release|iPhone.ActiveCfg = Release|Any CPU
		{16215B76-52D9-456A-B6BE-031C55C82F41}.Release|iPhone.Build.0 = Release|Any CPU
		{16215B76-52D9-456A-B6BE-031C55C82F41}.Release|iPhone.Deploy.0 = Release|Any CPU
		{16215B76-52D9-456A-B6BE-031C55C82F41}.Release|iPhoneSimulator.ActiveCfg = Release|Any CPU
		{16215B76-52D9-456A-B6BE-031C55C82F41}.Release|iPhoneSimulator.Build.0 = Release|Any CPU
		{16215B76-52D9-456A-B6BE-031C55C82F41}.Release|iPhoneSimulator.Deploy.0 = Release|Any CPU
	EndGlobalSection
	GlobalSection(SolutionProperties) = preSolution
		HideSolutionNode = FALSE
	EndGlobalSection
	GlobalSection(ExtensibilityGlobals) = postSolution
		SolutionGuid = {5F580A01-3971-4A1E-A7BC-267B0FC6B1C5}
	EndGlobalSection
EndGlobal
